
Microsoft Visual Studio Solution File, Format Version 12.00
Project("{FAE04EC0-301F-11D3-BF4B-00C04F79EFBC}") = "P5CS", "P5CS\P5CS.csproj", "{C264BB28-0DF9-4650-A9CB-57E62E711992}"
EndProject
Project("{FAE04EC0-301F-11D3-BF4B-00C04F79EFBC}") = "ProcessingSharp", "ProcessingSharp\ProcessingSharp.csproj", "{33C5928F-1D6D-4D3F-B067-4B3EC9914588}"
EndProject
Project("{FAE04EC0-301F-11D3-BF4B-00C04F79EFBC}") = "RandomBalls", "RandomBalls\RandomBalls.csproj", "{DD279D20-9294-404A-BD1D-77711C695938}"
EndProject
Global
	GlobalSection(SolutionConfigurationPlatforms) = preSolution
		Debug|Any CPU = Debug|Any CPU
		Release|Any CPU = Release|Any CPU
	EndGlobalSection
	GlobalSection(ProjectConfigurationPlatforms) = postSolution
		{C264BB28-0DF9-4650-A9CB-57E62E711992}.Debug|Any CPU.ActiveCfg = Debug|Any CPU
		{C264BB28-0DF9-4650-A9CB-57E62E711992}.Debug|Any CPU.Build.0 = Debug|Any CPU
		{C264BB28-0DF9-4650-A9CB-57E62E711992}.Release|Any CPU.ActiveCfg = Release|Any CPU
		{C264BB28-0DF9-4650-A9CB-57E62E711992}.Release|Any CPU.Build.0 = Release|Any CPU
		{33C5928F-1D6D-4D3F-B067-4B3EC9914588}.Debug|Any CPU.ActiveCfg = Debug|Any CPU
		{33C5928F-1D6D-4D3F-B067-4B3EC9914588}.Debug|Any CPU.Build.0 = Debug|Any CPU
		{33C5928F-1D6D-4D3F-B067-4B3EC9914588}.Release|Any CPU.ActiveCfg = Release|Any CPU
		{33C5928F-1D6D-4D3F-B067-4B3EC9914588}.Release|Any CPU.Build.0 = Release|Any CPU
		{DD279D20-9294-404A-BD1D-77711C695938}.Debug|Any CPU.ActiveCfg = Debug|Any CPU
		{DD279D20-9294-404A-BD1D-77711C695938}.Debug|Any CPU.Build.0 = Debug|Any CPU
		{DD279D20-9294-404A-BD1D-77711C695938}.Release|Any CPU.ActiveCfg = Release|Any CPU
		{DD279D20-9294-404A-BD1D-77711C695938}.Release|Any CPU.Build.0 = Release|Any CPU
	EndGlobalSection
EndGlobal
